// !$*UTF8*$!
{
	archiveVersion = 1;
	classes = {
	};
	objectVersion = 50;
	objects = {

/* Begin PBXBuildFile section */
		7E8DB2C122E6EBD900FC3798 /* AppDelegate.swift in Sources */ = {isa = PBXBuildFile; fileRef = 7E8DB2C022E6EBD900FC3798 /* AppDelegate.swift */; };
		7E8DB2C322E6EBD900FC3798 /* SceneDelegate.swift in Sources */ = {isa = PBXBuildFile; fileRef = 7E8DB2C222E6EBD900FC3798 /* SceneDelegate.swift */; };
		7E8DB2C522E6EBD900FC3798 /* ViewController.swift in Sources */ = {isa = PBXBuildFile; fileRef = 7E8DB2C422E6EBD900FC3798 /* ViewController.swift */; };
		7E8DB2C822E6EBD900FC3798 /* Main.storyboard in Resources */ = {isa = PBXBuildFile; fileRef = 7E8DB2C622E6EBD900FC3798 /* Main.storyboard */; };
		7E8DB2CA22E6EBE200FC3798 /* Assets.xcassets in Resources */ = {isa = PBXBuildFile; fileRef = 7E8DB2C922E6EBE200FC3798 /* Assets.xcassets */; };
		7E8DB2CD22E6EBE200FC3798 /* LaunchScreen.storyboard in Resources */ = {isa = PBXBuildFile; fileRef = 7E8DB2CB22E6EBE200FC3798 /* LaunchScreen.storyboard */; };
/* End PBXBuildFile section */

/* Begin PBXFileReference section */
		7E8DB2BD22E6EBD900FC3798 /* Combine-Test-UIImage.app */ = {isa = PBXFileReference; explicitFileType = wrapper.application; includeInIndex = 0; path = "Combine-Test-UIImage.app"; sourceTree = BUILT_PRODUCTS_DIR; };
		7E8DB2C022E6EBD900FC3798 /* AppDelegate.swift */ = {isa = PBXFileReference; lastKnownFileType = sourcecode.swift; path = AppDelegate.swift; sourceTree = "<group>"; };
		7E8DB2C222E6EBD900FC3798 /* SceneDelegate.swift */ = {isa = PBXFileReference; lastKnownFileType = sourcecode.swift; path = SceneDelegate.swift; sourceTree = "<group>"; };
		7E8DB2C422E6EBD900FC3798 /* ViewController.swift */ = {isa = PBXFileReference; lastKnownFileType = sourcecode.swift; path = ViewController.swift; sourceTree = "<group>"; };
		7E8DB2C722E6EBD900FC3798 /* Base */ = {isa = PBXFileReference; lastKnownFileType = file.storyboard; name = Base; path = Base.lproj/Main.storyboard; sourceTree = "<group>"; };
		7E8DB2C922E6EBE200FC3798 /* Assets.xcassets */ = {isa = PBXFileReference; lastKnownFileType = folder.assetcatalog; path = Assets.xcassets; sourceTree = "<group>"; };
		7E8DB2CC22E6EBE200FC3798 /* Base */ = {isa = PBXFileReference; lastKnownFileType = file.storyboard; name = Base; path = Base.lproj/LaunchScreen.storyboard; sourceTree = "<group>"; };
		7E8DB2CE22E6EBE200FC3798 /* Info.plist */ = {isa = PBXFileReference; lastKnownFileType = text.plist.xml; path = Info.plist; sourceTree = "<group>"; };
/* End PBXFileReference section */

/* Begin PBXFrameworksBuildPhase section */
		7E8DB2BA22E6EBD900FC3798 /* Frameworks */ = {
			isa = PBXFrameworksBuildPhase;
			buildActionMask = 2147483647;
			files = (
			);
			runOnlyForDeploymentPostprocessing = 0;
		};
/* End PBXFrameworksBuildPhase section */

/* Begin PBXGroup section */
		7E8DB2B422E6EBD900FC3798 = {
			isa = PBXGroup;
			children = (
				7E8DB2BF22E6EBD900FC3798 /* Combine-Test-UIImage */,
				7E8DB2BE22E6EBD900FC3798 /* Products */,
			);
			sourceTree = "<group>";
		};
		7E8DB2BE22E6EBD900FC3798 /* Products */ = {
			isa = PBXGroup;
			children = (
				7E8DB2BD22E6EBD900FC3798 /* Combine-Test-UIImage.app */,
			);
			name = Products;
			sourceTree = "<group>";
		};
		7E8DB2BF22E6EBD900FC3798 /* Combine-Test-UIImage */ = {
			isa = PBXGroup;
			children = (
				7E8DB2C022E6EBD900FC3798 /* AppDelegate.swift */,
				7E8DB2C222E6EBD900FC3798 /* SceneDelegate.swift */,
				7E8DB2C422E6EBD900FC3798 /* ViewController.swift */,
				7E8DB2C622E6EBD900FC3798 /* Main.storyboard */,
				7E8DB2C922E6EBE200FC3798 /* Assets.xcassets */,
				7E8DB2CB22E6EBE200FC3798 /* LaunchScreen.storyboard */,
				7E8DB2CE22E6EBE200FC3798 /* Info.plist */,
			);
			path = "Combine-Test-UIImage";
			sourceTree = "<group>";
		};
/* End PBXGroup section */

/* Begin PBXNativeTarget section */
		7E8DB2BC22E6EBD900FC3798 /* Combine-Test-UIImage */ = {
			isa = PBXNativeTarget;
			buildConfigurationList = 7E8DB2D122E6EBE200FC3798 /* Build configuration list for PBXNativeTarget "Combine-Test-UIImage" */;
			buildPhases = (
				7E8DB2B922E6EBD900FC3798 /* Sources */,
				7E8DB2BA22E6EBD900FC3798 /* Frameworks */,
				7E8DB2BB22E6EBD900FC3798 /* Resources */,
			);
			buildRules = (
			);
			dependencies = (
			);
			name = "Combine-Test-UIImage";
			productName = "Combine-Test-UIImage";
			productReference = 7E8DB2BD22E6EBD900FC3798 /* Combine-Test-UIImage.app */;
			productType = "com.apple.product-type.application";
		};
/* End PBXNativeTarget section */

/* Begin PBXProject section */
		7E8DB2B522E6EBD900FC3798 /* Project object */ = {
			isa = PBXProject;
			attributes = {
				LastSwiftUpdateCheck = 1100;
				LastUpgradeCheck = 1100;
				ORGANIZATIONNAME = "Greenleaf Software";
				TargetAttributes = {
					7E8DB2BC22E6EBD900FC3798 = {
						CreatedOnToolsVersion = 11.0;
					};
				};
			};
			buildConfigurationList = 7E8DB2B822E6EBD900FC3798 /* Build configuration list for PBXProject "Combine-Test-UIImage" */;
			compatibilityVersion = "Xcode 9.3";
			developmentRegion = en;
			hasScannedForEncodings = 0;
			knownRegions = (
				en,
				Base,
			);
			mainGroup = 7E8DB2B422E6EBD900FC3798;
			productRefGroup = 7E8DB2BE22E6EBD900FC3798 /* Products */;
			projectDirPath = "";
			projectRoot = "";
			targets = (
				7E8DB2BC22E6EBD900FC3798 /* Combine-Test-UIImage */,
			);
		};
/* End PBXProject section */

/* Begin PBXResourcesBuildPhase section */
		7E8DB2BB22E6EBD900FC3798 /* Resources */ = {
			isa = PBXResourcesBuildPhase;
			buildActionMask = 2147483647;
			files = (
				7E8DB2CD22E6EBE200FC3798 /* LaunchScreen.storyboard in Resources */,
				7E8DB2CA22E6EBE200FC3798 /* Assets.xcassets in Resources */,
				7E8DB2C822E6EBD900FC3798 /* Main.storyboard in Resources */,
			);
			runOnlyForDeploymentPostprocessing = 0;
		};
/* End PBXResourcesBuildPhase section */

/* Begin PBXSourcesBuildPhase section */
		7E8DB2B922E6EBD900FC3798 /* Sources */ = {
			isa = PBXSourcesBuildPhase;
			buildActionMask = 2147483647;
			files = (
				7E8DB2C522E6EBD900FC3798 /* ViewController.swift in Sources */,
				7E8DB2C122E6EBD900FC3798 /* AppDelegate.swift in Sources */,
				7E8DB2C322E6EBD900FC3798 /* SceneDelegate.swift in Sources */,
			);
			runOnlyForDeploymentPostprocessing = 0;
		};
/* End PBXSourcesBuildPhase section */

/* Begin PBXVariantGroup section */
		7E8DB2C622E6EBD900FC3798 /* Main.storyboard */ = {
			isa = PBXVariantGroup;
			children = (
				7E8DB2C722E6EBD900FC3798 /* Base */,
			);
			name = Main.storyboard;
			sourceTree = "<group>";
		};
		7E8DB2CB22E6EBE200FC3798 /* LaunchScreen.storyboard */ = {
			isa = PBXVariantGroup;
			children = (
				7E8DB2CC22E6EBE200FC3798 /* Base */,
			);
			name = LaunchScreen.storyboard;
			sourceTree = "<group>";
		};
/* End PBXVariantGroup section */

/* Begin XCBuildConfiguration section */
		7E8DB2CF22E6EBE200FC3798 /* Debug */ = {
			isa = XCBuildConfiguration;
			buildSettings = {
				ALWAYS_SEARCH_USER_PATHS = NO;
				CLANG_ANALYZER_NONNULL = YES;
				CLANG_ANALYZER_NUMBER_OBJECT_CONVERSION = YES_AGGRESSIVE;
				CLANG_CXX_LANGUAGE_STANDARD = "gnu++14";
				CLANG_CXX_LIBRARY = "libc++";
				CLANG_ENABLE_MODULES = YES;
				CLANG_ENABLE_OBJC_ARC = YES;
				CLANG_ENABLE_OBJC_WEAK = YES;
				CLANG_WARN_BLOCK_CAPTURE_AUTORELEASING = YES;
				CLANG_WARN_BOOL_CONVERSION = YES;
				CLANG_WARN_COMMA = YES;
				CLANG_WARN_CONSTANT_CONVERSION = YES;
				CLANG_WARN_DEPRECATED_OBJC_IMPLEMENTATIONS = YES;
				CLANG_WARN_DIRECT_OBJC_ISA_USAGE = YES_ERROR;
				CLANG_WARN_DOCUMENTATION_COMMENTS = YES;
				CLANG_WARN_EMPTY_BODY = YES;
				CLANG_WARN_ENUM_CONVERSION = YES;
				CLANG_WARN_INFINITE_RECURSION = YES;
				CLANG_WARN_INT_CONVERSION = YES;
				CLANG_WARN_NON_LITERAL_NULL_CONVERSION = YES;
				CLANG_WARN_OBJC_IMPLICIT_RETAIN_SELF = YES;
				CLANG_WARN_OBJC_LITERAL_CONVERSION = YES;
				CLANG_WARN_OBJC_ROOT_CLASS = YES_ERROR;
				CLANG_WARN_RANGE_LOOP_ANALYSIS = YES;
				CLANG_WARN_STRICT_PROTOTYPES = YES;
				CLANG_WARN_SUSPICIOUS_MOVE = YES;
				CLANG_WARN_UNGUARDED_AVAILABILITY = YES_AGGRESSIVE;
				CLANG_WARN_UNREACHABLE_CODE = YES;
				CLANG_WARN__DUPLICATE_METHOD_MATCH = YES;
				COPY_PHASE_STRIP = NO;
				DEBUG_INFORMATION_FORMAT = dwarf;
				ENABLE_STRICT_OBJC_MSGSEND = YES;
				ENABLE_TESTABILITY = YES;
				GCC_C_LANGUAGE_STANDARD = gnu11;
				GCC_DYNAMIC_NO_PIC = NO;
				GCC_NO_COMMON_BLOCKS = YES;
				GCC_OPTIMIZATION_LEVEL = 0;
				GCC_PREPROCESSOR_DEFINITIONS = (
					"DEBUG=1",
					"$(inherited)",
				);
				GCC_WARN_64_TO_32_BIT_CONVERSION = YES;
				GCC_WARN_ABOUT_RETURN_TYPE = YES_ERROR;
				GCC_WARN_UNDECLARED_SELECTOR = YES;
				GCC_WARN_UNINITIALIZED_AUTOS = YES_AGGRESSIVE;
				GCC_WARN_UNUSED_FUNCTION = YES;
				GCC_WARN_UNUSED_VARIABLE = YES;
				IPHONEOS_DEPLOYMENT_TARGET = 13.0;
				MTL_ENABLE_DEBUG_INFO = INCLUDE_SOURCE;
				MTL_FAST_MATH = YES;
				ONLY_ACTIVE_ARCH = YES;
				SDKROOT = iphoneos;
				SWIFT_ACTIVE_COMPILATION_CONDITIONS = DEBUG;
				SWIFT_OPTIMIZATION_LEVEL = "-Onone";
			};
			name = Debug;
		};
		7E8DB2D022E6EBE200FC3798 /* Release */ = {
			isa = XCBuildConfiguration;
			buildSettings = {
				ALWAYS_SEARCH_USER_PATHS = NO;
				CLANG_ANALYZER_NONNULL = YES;
				CLANG_ANALYZER_NUMBER_OBJECT_CONVERSION = YES_AGGRESSIVE;
				CLANG_CXX_LANGUAGE_STANDARD = "gnu++14";
				CLANG_CXX_LIBRARY = "libc++";
				CLANG_ENABLE_MODULES = YES;
				CLANG_ENABLE_OBJC_ARC = YES;
				CLANG_ENABLE_OBJC_WEAK = YES;
				CLANG_WARN_BLOCK_CAPTURE_AUTORELEASING = YES;
				CLANG_WARN_BOOL_CONVERSION = YES;
				CLANG_WARN_COMMA = YES;
				CLANG_WARN_CONSTANT_CONVERSION = YES;
				CLANG_WARN_DEPRECATED_OBJC_IMPLEMENTATIONS = YES;
				CLANG_WARN_DIRECT_OBJC_ISA_USAGE = YES_ERROR;
				CLANG_WARN_DOCUMENTATION_COMMENTS = YES;
				CLANG_WARN_EMPTY_BODY = YES;
				CLANG_WARN_ENUM_CONVERSION = YES;
				CLANG_WARN_INFINITE_RECURSION = YES;
				CLANG_WARN_INT_CONVERSION = YES;
				CLANG_WARN_NON_LITERAL_NULL_CONVERSION = YES;
				CLANG_WARN_OBJC_IMPLICIT_RETAIN_SELF = YES;
				CLANG_WARN_OBJC_LITERAL_CONVERSION = YES;
				CLANG_WARN_OBJC_ROOT_CLASS = YES_ERROR;
				CLANG_WARN_RANGE_LOOP_ANALYSIS = YES;
				CLANG_WARN_STRICT_PROTOTYPES = YES;
				CLANG_WARN_SUSPICIOUS_MOVE = YES;
				CLANG_WARN_UNGUARDED_AVAILABILITY = YES_AGGRESSIVE;
				CLANG_WARN_UNREACHABLE_CODE = YES;
				CLANG_WARN__DUPLICATE_METHOD_MATCH = YES;
				COPY_PHASE_STRIP = NO;
				DEBUG_INFORMATION_FORMAT = "dwarf-with-dsym";
				ENABLE_NS_ASSERTIONS = NO;
				ENABLE_STRICT_OBJC_MSGSEND = YES;
				GCC_C_LANGUAGE_STANDARD = gnu11;
				GCC_NO_COMMON_BLOCKS = YES;
				GCC_WARN_64_TO_32_BIT_CONVERSION = YES;
				GCC_WARN_ABOUT_RETURN_TYPE = YES_ERROR;
				GCC_WARN_UNDECLARED_SELECTOR = YES;
				GCC_WARN_UNINITIALIZED_AUTOS = YES_AGGRESSIVE;
				GCC_WARN_UNUSED_FUNCTION = YES;
				GCC_WARN_UNUSED_VARIABLE = YES;
				IPHONEOS_DEPLOYMENT_TARGET = 13.0;
				MTL_ENABLE_DEBUG_INFO = NO;
				MTL_FAST_MATH = YES;
				SDKROOT = iphoneos;
				SWIFT_COMPILATION_MODE = wholemodule;
				SWIFT_OPTIMIZATION_LEVEL = "-O";
				VALIDATE_PRODUCT = YES;
			};
			name = Release;
		};
		7E8DB2D222E6EBE200FC3798 /* Debug */ = {
			isa = XCBuildConfiguration;
			buildSettings = {
				ASSETCATALOG_COMPILER_APPICON_NAME = AppIcon;
				CODE_SIGN_STYLE = Automatic;
				INFOPLIST_FILE = "Combine-Test-UIImage/Info.plist";
				LD_RUNPATH_SEARCH_PATHS = (
					"$(inherited)",
					"@executable_path/Frameworks",
				);
				PRODUCT_BUNDLE_IDENTIFIER = "com.grenleaf.com.Combine-Test-UIImage";
				PRODUCT_NAME = "$(TARGET_NAME)";
				SWIFT_VERSION = 5.0;
				TARGETED_DEVICE_FAMILY = "1,2";
			};
			name = Debug;
		};
		7E8DB2D322E6EBE200FC3798 /* Release */ = {
			isa = XCBuildConfiguration;
			buildSettings = {
				ASSETCATALOG_COMPILER_APPICON_NAME = AppIcon;
				CODE_SIGN_STYLE = Automatic;
				INFOPLIST_FILE = "Combine-Test-UIImage/Info.plist";
				LD_RUNPATH_SEARCH_PATHS = (
					"$(inherited)",
					"@executable_path/Frameworks",
				);
				PRODUCT_BUNDLE_IDENTIFIER = "com.grenleaf.com.Combine-Test-UIImage";
				PRODUCT_NAME = "$(TARGET_NAME)";
				SWIFT_VERSION = 5.0;
				TARGETED_DEVICE_FAMILY = "1,2";
			};
			name = Release;
		};
/* End XCBuildConfiguration section */

/* Begin XCConfigurationList section */
		7E8DB2B822E6EBD900FC3798 /* Build configuration list for PBXProject "Combine-Test-UIImage" */ = {
			isa = XCConfigurationList;
			buildConfigurations = (
				7E8DB2CF22E6EBE200FC3798 /* Debug */,
				7E8DB2D022E6EBE200FC3798 /* Release */,
			);
			defaultConfigurationIsVisible = 0;
			defaultConfigurationName = Release;
		};
		7E8DB2D122E6EBE200FC3798 /* Build configuration list for PBXNativeTarget "Combine-Test-UIImage" */ = {
			isa = XCConfigurationList;
			buildConfigurations = (
				7E8DB2D222E6EBE200FC3798 /* Debug */,
				7E8DB2D322E6EBE200FC3798 /* Release */,
			);
			defaultConfigurationIsVisible = 0;
			defaultConfigurationName = Release;
		};
/* End XCConfigurationList section */
	};
	rootObject = 7E8DB2B522E6EBD900FC3798 /* Project object */;
}
